// !$*UTF8*$!
{
	archiveVersion = 1;
	classes = {
	};
	objectVersion = 50;
	objects = {

/* Begin PBXBuildFile section */
		8C1B64AE24BED65D0006B2F8 /* SettingsViewController.swift in Sources */ = {isa = PBXBuildFile; fileRef = 8C1B64AD24BED65D0006B2F8 /* SettingsViewController.swift */; };
		8C1B64B024BED6EE0006B2F8 /* SettingsViewCell.swift in Sources */ = {isa = PBXBuildFile; fileRef = 8C1B64AF24BED6EE0006B2F8 /* SettingsViewCell.swift */; };
		8C1F1EE724CFF6140029C8E8 /* pqpa.json in Resources */ = {isa = PBXBuildFile; fileRef = 8C1F1EE524CFF6130029C8E8 /* pqpa.json */; };
		8C1F1EE824CFF6140029C8E8 /* ej.json in Resources */ = {isa = PBXBuildFile; fileRef = 8C1F1EE624CFF6130029C8E8 /* ej.json */; };
		8C2FF9DD24C6E8BC00080D0A /* Prabupada.xcdatamodeld in Sources */ = {isa = PBXBuildFile; fileRef = 8C2FF9DB24C6E8BC00080D0A /* Prabupada.xcdatamodeld */; };
		8C55482B24D1B73D00030EE9 /* krp.json in Resources */ = {isa = PBXBuildFile; fileRef = 8C55482A24D1B73D00030EE9 /* krp.json */; };
		8C55482D24D1B76100030EE9 /* lcfl.json in Resources */ = {isa = PBXBuildFile; fileRef = 8C55482C24D1B76100030EE9 /* lcfl.json */; };
		8C55482F24D1B78800030EE9 /* ssr.json in Resources */ = {isa = PBXBuildFile; fileRef = 8C55482E24D1B78800030EE9 /* ssr.json */; };
		8C70258E24D535AD00EC163E /* GotoViewController.swift in Sources */ = {isa = PBXBuildFile; fileRef = 8C70258D24D535AD00EC163E /* GotoViewController.swift */; };
		8C9BAF4724D7DED6004DBE9C /* SearchViewCell.swift in Sources */ = {isa = PBXBuildFile; fileRef = 8C9BAF4624D7DED6004DBE9C /* SearchViewCell.swift */; };
		8C9EE2CA24BC38CD001FEEC7 /* AppDelegate.swift in Sources */ = {isa = PBXBuildFile; fileRef = 8C9EE2C924BC38CD001FEEC7 /* AppDelegate.swift */; };
		8C9EE2CC24BC38CD001FEEC7 /* SceneDelegate.swift in Sources */ = {isa = PBXBuildFile; fileRef = 8C9EE2CB24BC38CD001FEEC7 /* SceneDelegate.swift */; };
		8C9EE2D324BC38CD001FEEC7 /* Main.storyboard in Resources */ = {isa = PBXBuildFile; fileRef = 8C9EE2D124BC38CD001FEEC7 /* Main.storyboard */; };
		8C9EE2D824BC38CF001FEEC7 /* Assets.xcassets in Resources */ = {isa = PBXBuildFile; fileRef = 8C9EE2D724BC38CF001FEEC7 /* Assets.xcassets */; };
		8C9EE2DB24BC38CF001FEEC7 /* LaunchScreen.storyboard in Resources */ = {isa = PBXBuildFile; fileRef = 8C9EE2D924BC38CF001FEEC7 /* LaunchScreen.storyboard */; };
		8C9EE2E324BC3997001FEEC7 /* BooksViewController.swift in Sources */ = {isa = PBXBuildFile; fileRef = 8C9EE2E224BC3997001FEEC7 /* BooksViewController.swift */; };
		8C9EE2E524BC39E2001FEEC7 /* SearchViewController.swift in Sources */ = {isa = PBXBuildFile; fileRef = 8C9EE2E424BC39E2001FEEC7 /* SearchViewController.swift */; };
		8C9EE2E924BC3E22001FEEC7 /* BookCollectionViewCell.swift in Sources */ = {isa = PBXBuildFile; fileRef = 8C9EE2E824BC3E22001FEEC7 /* BookCollectionViewCell.swift */; };
		8CA607D524D59AA30096DD14 /* bg.json in Resources */ = {isa = PBXBuildFile; fileRef = 8CA607D424D59AA30096DD14 /* bg.json */; };
		8CAD376924D715A300A2C92A /* BookmarksViewController.swift in Sources */ = {isa = PBXBuildFile; fileRef = 8CAD376824D715A300A2C92A /* BookmarksViewController.swift */; };
		8CAE205024D696690014B526 /* TabViewController.swift in Sources */ = {isa = PBXBuildFile; fileRef = 8CAE204F24D696690014B526 /* TabViewController.swift */; };
		8CAFB20D24E177B900468464 /* TagViewCell.swift in Sources */ = {isa = PBXBuildFile; fileRef = 8CAFB20C24E177B900468464 /* TagViewCell.swift */; };
		8CAFB20F24E188EC00468464 /* cc.json in Resources */ = {isa = PBXBuildFile; fileRef = 8CAFB20E24E188EC00468464 /* cc.json */; };
		8CAFB21124E188F500468464 /* sb.json in Resources */ = {isa = PBXBuildFile; fileRef = 8CAFB21024E188F400468464 /* sb.json */; };
		8CB88BE924BD780A006EBD07 /* DataViewController.swift in Sources */ = {isa = PBXBuildFile; fileRef = 8CB88BE824BD780A006EBD07 /* DataViewController.swift */; };
		8CB88BEB24BD790A006EBD07 /* PageViewController.swift in Sources */ = {isa = PBXBuildFile; fileRef = 8CB88BEA24BD790A006EBD07 /* PageViewController.swift */; };
		8CB88BED24BD79F4006EBD07 /* ContentViewController.swift in Sources */ = {isa = PBXBuildFile; fileRef = 8CB88BEC24BD79F4006EBD07 /* ContentViewController.swift */; };
		8CBFECD624C6B7CB0018F8F4 /* tlk.json in Resources */ = {isa = PBXBuildFile; fileRef = 8CBFECC624C6B7CB0018F8F4 /* tlk.json */; };
		8CBFECD724C6B7CB0018F8F4 /* mg.json in Resources */ = {isa = PBXBuildFile; fileRef = 8CBFECC724C6B7CB0018F8F4 /* mg.json */; };
		8CBFECD824C6B7CB0018F8F4 /* tqk.json in Resources */ = {isa = PBXBuildFile; fileRef = 8CBFECC824C6B7CB0018F8F4 /* tqk.json */; };
		8CBFECD924C6B7CB0018F8F4 /* bbd.json in Resources */ = {isa = PBXBuildFile; fileRef = 8CBFECC924C6B7CB0018F8F4 /* bbd.json */; };
		8CBFECDA24C6B7CB0018F8F4 /* poy.json in Resources */ = {isa = PBXBuildFile; fileRef = 8CBFECCA24C6B7CB0018F8F4 /* poy.json */; };
		8CBFECDB24C6B7CB0018F8F4 /* iso.json in Resources */ = {isa = PBXBuildFile; fileRef = 8CBFECCB24C6B7CB0018F8F4 /* iso.json */; };
		8CBFECDC24C6B7CB0018F8F4 /* ecs.json in Resources */ = {isa = PBXBuildFile; fileRef = 8CBFECCC24C6B7CB0018F8F4 /* ecs.json */; };
		8CBFECDD24C6B7CB0018F8F4 /* tlc.json in Resources */ = {isa = PBXBuildFile; fileRef = 8CBFECCD24C6B7CB0018F8F4 /* tlc.json */; };
		8CBFECDE24C6B7CB0018F8F4 /* nod.json in Resources */ = {isa = PBXBuildFile; fileRef = 8CBFECCE24C6B7CB0018F8F4 /* nod.json */; };
		8CBFECDF24C6B7CB0018F8F4 /* kb.json in Resources */ = {isa = PBXBuildFile; fileRef = 8CBFECCF24C6B7CB0018F8F4 /* kb.json */; };
		8CBFECE024C6B7CB0018F8F4 /* ttp.json in Resources */ = {isa = PBXBuildFile; fileRef = 8CBFECD024C6B7CB0018F8F4 /* ttp.json */; };
		8CBFECE124C6B7CB0018F8F4 /* owk.json in Resources */ = {isa = PBXBuildFile; fileRef = 8CBFECD124C6B7CB0018F8F4 /* owk.json */; };
		8CBFECE224C6B7CB0018F8F4 /* rv.json in Resources */ = {isa = PBXBuildFile; fileRef = 8CBFECD224C6B7CB0018F8F4 /* rv.json */; };
		8CBFECE324C6B7CB0018F8F4 /* noi.json in Resources */ = {isa = PBXBuildFile; fileRef = 8CBFECD324C6B7CB0018F8F4 /* noi.json */; };
		8CBFECE424C6B7CB0018F8F4 /* tys.json in Resources */ = {isa = PBXBuildFile; fileRef = 8CBFECD424C6B7CB0018F8F4 /* tys.json */; };
		8CBFECE524C6B7CB0018F8F4 /* pop.json in Resources */ = {isa = PBXBuildFile; fileRef = 8CBFECD524C6B7CB0018F8F4 /* pop.json */; };
		8CC0067324C33FA300C9386C /* TOCTableViewController.swift in Sources */ = {isa = PBXBuildFile; fileRef = 8CC0067224C33FA300C9386C /* TOCTableViewController.swift */; };
		8CC0067524C346F800C9386C /* TOCTableViewCell.swift in Sources */ = {isa = PBXBuildFile; fileRef = 8CC0067424C346F800C9386C /* TOCTableViewCell.swift */; };
		8CCA894F24DE7DA600EBB6D3 /* BookmarksViewCell.swift in Sources */ = {isa = PBXBuildFile; fileRef = 8CCA894E24DE7DA600EBB6D3 /* BookmarksViewCell.swift */; };
/* End PBXBuildFile section */

/* Begin PBXFileReference section */
		8C1B64AD24BED65D0006B2F8 /* SettingsViewController.swift */ = {isa = PBXFileReference; lastKnownFileType = sourcecode.swift; path = SettingsViewController.swift; sourceTree = "<group>"; };
		8C1B64AF24BED6EE0006B2F8 /* SettingsViewCell.swift */ = {isa = PBXFileReference; lastKnownFileType = sourcecode.swift; path = SettingsViewCell.swift; sourceTree = "<group>"; };
		8C1F1EE524CFF6130029C8E8 /* pqpa.json */ = {isa = PBXFileReference; fileEncoding = 4; lastKnownFileType = text.json; path = pqpa.json; sourceTree = "<group>"; };
		8C1F1EE624CFF6130029C8E8 /* ej.json */ = {isa = PBXFileReference; fileEncoding = 4; lastKnownFileType = text.json; path = ej.json; sourceTree = "<group>"; };
		8C2FF9DC24C6E8BC00080D0A /* Demo3.xcdatamodel */ = {isa = PBXFileReference; lastKnownFileType = wrapper.xcdatamodel; path = Demo3.xcdatamodel; sourceTree = "<group>"; };
		8C55482A24D1B73D00030EE9 /* krp.json */ = {isa = PBXFileReference; fileEncoding = 4; lastKnownFileType = text.json; path = krp.json; sourceTree = "<group>"; };
		8C55482C24D1B76100030EE9 /* lcfl.json */ = {isa = PBXFileReference; fileEncoding = 4; lastKnownFileType = text.json; path = lcfl.json; sourceTree = "<group>"; };
		8C55482E24D1B78800030EE9 /* ssr.json */ = {isa = PBXFileReference; fileEncoding = 4; lastKnownFileType = text.json; path = ssr.json; sourceTree = "<group>"; };
		8C70258D24D535AD00EC163E /* GotoViewController.swift */ = {isa = PBXFileReference; lastKnownFileType = sourcecode.swift; path = GotoViewController.swift; sourceTree = "<group>"; };
		8C9BAF4624D7DED6004DBE9C /* SearchViewCell.swift */ = {isa = PBXFileReference; lastKnownFileType = sourcecode.swift; path = SearchViewCell.swift; sourceTree = "<group>"; };
		8C9EE2C624BC38CD001FEEC7 /* Prabupada.app */ = {isa = PBXFileReference; explicitFileType = wrapper.application; includeInIndex = 0; path = Prabupada.app; sourceTree = BUILT_PRODUCTS_DIR; };
		8C9EE2C924BC38CD001FEEC7 /* AppDelegate.swift */ = {isa = PBXFileReference; lastKnownFileType = sourcecode.swift; path = AppDelegate.swift; sourceTree = "<group>"; };
		8C9EE2CB24BC38CD001FEEC7 /* SceneDelegate.swift */ = {isa = PBXFileReference; lastKnownFileType = sourcecode.swift; path = SceneDelegate.swift; sourceTree = "<group>"; };
		8C9EE2D224BC38CD001FEEC7 /* Base */ = {isa = PBXFileReference; lastKnownFileType = file.storyboard; name = Base; path = Base.lproj/Main.storyboard; sourceTree = "<group>"; };
		8C9EE2D724BC38CF001FEEC7 /* Assets.xcassets */ = {isa = PBXFileReference; lastKnownFileType = folder.assetcatalog; path = Assets.xcassets; sourceTree = "<group>"; };
		8C9EE2DA24BC38CF001FEEC7 /* Base */ = {isa = PBXFileReference; lastKnownFileType = file.storyboard; name = Base; path = Base.lproj/LaunchScreen.storyboard; sourceTree = "<group>"; };
		8C9EE2DC24BC38CF001FEEC7 /* Info.plist */ = {isa = PBXFileReference; lastKnownFileType = text.plist.xml; path = Info.plist; sourceTree = "<group>"; };
		8C9EE2E224BC3997001FEEC7 /* BooksViewController.swift */ = {isa = PBXFileReference; lastKnownFileType = sourcecode.swift; path = BooksViewController.swift; sourceTree = "<group>"; };
		8C9EE2E424BC39E2001FEEC7 /* SearchViewController.swift */ = {isa = PBXFileReference; lastKnownFileType = sourcecode.swift; path = SearchViewController.swift; sourceTree = "<group>"; };
		8C9EE2E824BC3E22001FEEC7 /* BookCollectionViewCell.swift */ = {isa = PBXFileReference; lastKnownFileType = sourcecode.swift; path = BookCollectionViewCell.swift; sourceTree = "<group>"; };
		8CA607D424D59AA30096DD14 /* bg.json */ = {isa = PBXFileReference; fileEncoding = 4; lastKnownFileType = text.json; path = bg.json; sourceTree = "<group>"; };
		8CAD376824D715A300A2C92A /* BookmarksViewController.swift */ = {isa = PBXFileReference; lastKnownFileType = sourcecode.swift; path = BookmarksViewController.swift; sourceTree = "<group>"; };
		8CAE204F24D696690014B526 /* TabViewController.swift */ = {isa = PBXFileReference; lastKnownFileType = sourcecode.swift; path = TabViewController.swift; sourceTree = "<group>"; };
		8CAFB20C24E177B900468464 /* TagViewCell.swift */ = {isa = PBXFileReference; lastKnownFileType = sourcecode.swift; path = TagViewCell.swift; sourceTree = "<group>"; };
		8CAFB20E24E188EC00468464 /* cc.json */ = {isa = PBXFileReference; fileEncoding = 4; lastKnownFileType = text.json; path = cc.json; sourceTree = "<group>"; };
		8CAFB21024E188F400468464 /* sb.json */ = {isa = PBXFileReference; fileEncoding = 4; lastKnownFileType = text.json; path = sb.json; sourceTree = "<group>"; };
		8CB88BE824BD780A006EBD07 /* DataViewController.swift */ = {isa = PBXFileReference; lastKnownFileType = sourcecode.swift; path = DataViewController.swift; sourceTree = "<group>"; };
		8CB88BEA24BD790A006EBD07 /* PageViewController.swift */ = {isa = PBXFileReference; lastKnownFileType = sourcecode.swift; path = PageViewController.swift; sourceTree = "<group>"; };
		8CB88BEC24BD79F4006EBD07 /* ContentViewController.swift */ = {isa = PBXFileReference; lastKnownFileType = sourcecode.swift; path = ContentViewController.swift; sourceTree = "<group>"; };
		8CBFECC624C6B7CB0018F8F4 /* tlk.json */ = {isa = PBXFileReference; fileEncoding = 4; lastKnownFileType = text.json; path = tlk.json; sourceTree = "<group>"; };
		8CBFECC724C6B7CB0018F8F4 /* mg.json */ = {isa = PBXFileReference; fileEncoding = 4; lastKnownFileType = text.json; path = mg.json; sourceTree = "<group>"; };
		8CBFECC824C6B7CB0018F8F4 /* tqk.json */ = {isa = PBXFileReference; fileEncoding = 4; lastKnownFileType = text.json; path = tqk.json; sourceTree = "<group>"; };
		8CBFECC924C6B7CB0018F8F4 /* bbd.json */ = {isa = PBXFileReference; fileEncoding = 4; lastKnownFileType = text.json; path = bbd.json; sourceTree = "<group>"; };
		8CBFECCA24C6B7CB0018F8F4 /* poy.json */ = {isa = PBXFileReference; fileEncoding = 4; lastKnownFileType = text.json; path = poy.json; sourceTree = "<group>"; };
		8CBFECCB24C6B7CB0018F8F4 /* iso.json */ = {isa = PBXFileReference; fileEncoding = 4; lastKnownFileType = text.json; path = iso.json; sourceTree = "<group>"; };
		8CBFECCC24C6B7CB0018F8F4 /* ecs.json */ = {isa = PBXFileReference; fileEncoding = 4; lastKnownFileType = text.json; path = ecs.json; sourceTree = "<group>"; };
		8CBFECCD24C6B7CB0018F8F4 /* tlc.json */ = {isa = PBXFileReference; fileEncoding = 4; lastKnownFileType = text.json; path = tlc.json; sourceTree = "<group>"; };
		8CBFECCE24C6B7CB0018F8F4 /* nod.json */ = {isa = PBXFileReference; fileEncoding = 4; lastKnownFileType = text.json; path = nod.json; sourceTree = "<group>"; };
		8CBFECCF24C6B7CB0018F8F4 /* kb.json */ = {isa = PBXFileReference; fileEncoding = 4; lastKnownFileType = text.json; path = kb.json; sourceTree = "<group>"; };
		8CBFECD024C6B7CB0018F8F4 /* ttp.json */ = {isa = PBXFileReference; fileEncoding = 4; lastKnownFileType = text.json; path = ttp.json; sourceTree = "<group>"; };
		8CBFECD124C6B7CB0018F8F4 /* owk.json */ = {isa = PBXFileReference; fileEncoding = 4; lastKnownFileType = text.json; path = owk.json; sourceTree = "<group>"; };
		8CBFECD224C6B7CB0018F8F4 /* rv.json */ = {isa = PBXFileReference; fileEncoding = 4; lastKnownFileType = text.json; path = rv.json; sourceTree = "<group>"; };
		8CBFECD324C6B7CB0018F8F4 /* noi.json */ = {isa = PBXFileReference; fileEncoding = 4; lastKnownFileType = text.json; path = noi.json; sourceTree = "<group>"; };
		8CBFECD424C6B7CB0018F8F4 /* tys.json */ = {isa = PBXFileReference; fileEncoding = 4; lastKnownFileType = text.json; path = tys.json; sourceTree = "<group>"; };
		8CBFECD524C6B7CB0018F8F4 /* pop.json */ = {isa = PBXFileReference; fileEncoding = 4; lastKnownFileType = text.json; path = pop.json; sourceTree = "<group>"; };
		8CC0067224C33FA300C9386C /* TOCTableViewController.swift */ = {isa = PBXFileReference; lastKnownFileType = sourcecode.swift; path = TOCTableViewController.swift; sourceTree = "<group>"; };
		8CC0067424C346F800C9386C /* TOCTableViewCell.swift */ = {isa = PBXFileReference; lastKnownFileType = sourcecode.swift; path = TOCTableViewCell.swift; sourceTree = "<group>"; };
		8CCA894E24DE7DA600EBB6D3 /* BookmarksViewCell.swift */ = {isa = PBXFileReference; lastKnownFileType = sourcecode.swift; path = BookmarksViewCell.swift; sourceTree = "<group>"; };
/* End PBXFileReference section */

/* Begin PBXFrameworksBuildPhase section */
		8C9EE2C324BC38CD001FEEC7 /* Frameworks */ = {
			isa = PBXFrameworksBuildPhase;
			buildActionMask = 2147483647;
			files = (
			);
			runOnlyForDeploymentPostprocessing = 0;
		};
/* End PBXFrameworksBuildPhase section */

/* Begin PBXGroup section */
		8C73214624C1BA7C00F897EE /* Delegate */ = {
			isa = PBXGroup;
			children = (
				8C9EE2C924BC38CD001FEEC7 /* AppDelegate.swift */,
				8C9EE2CB24BC38CD001FEEC7 /* SceneDelegate.swift */,
			);
			path = Delegate;
			sourceTree = "<group>";
		};
		8C73214724C1BAA400F897EE /* View */ = {
			isa = PBXGroup;
			children = (
				8CCA894E24DE7DA600EBB6D3 /* BookmarksViewCell.swift */,
				8C1B64AF24BED6EE0006B2F8 /* SettingsViewCell.swift */,
				8C9EE2E824BC3E22001FEEC7 /* BookCollectionViewCell.swift */,
				8C9BAF4624D7DED6004DBE9C /* SearchViewCell.swift */,
				8C9EE2D124BC38CD001FEEC7 /* Main.storyboard */,
				8CC0067424C346F800C9386C /* TOCTableViewCell.swift */,
				8C9EE2D924BC38CF001FEEC7 /* LaunchScreen.storyboard */,
				8CAFB20C24E177B900468464 /* TagViewCell.swift */,
			);
			path = View;
			sourceTree = "<group>";
		};
		8C73214824C1BCA300F897EE /* Controller */ = {
			isa = PBXGroup;
			children = (
				8C9EE2E424BC39E2001FEEC7 /* SearchViewController.swift */,
				8CAE204F24D696690014B526 /* TabViewController.swift */,
				8C1B64AD24BED65D0006B2F8 /* SettingsViewController.swift */,
				8C9EE2E224BC3997001FEEC7 /* BooksViewController.swift */,
				8C70258D24D535AD00EC163E /* GotoViewController.swift */,
				8CAD376824D715A300A2C92A /* BookmarksViewController.swift */,
				8CB88BEE24BD7A50006EBD07 /* Pages Controller */,
			);
			path = Controller;
			sourceTree = "<group>";
		};
		8C9EE2BD24BC38CD001FEEC7 = {
			isa = PBXGroup;
			children = (
				8C9EE2C824BC38CD001FEEC7 /* Prabupada */,
				8C9EE2C724BC38CD001FEEC7 /* Products */,
			);
			sourceTree = "<group>";
		};
		8C9EE2C724BC38CD001FEEC7 /* Products */ = {
			isa = PBXGroup;
			children = (
				8C9EE2C624BC38CD001FEEC7 /* Prabupada.app */,
			);
			name = Products;
			sourceTree = "<group>";
		};
		8C9EE2C824BC38CD001FEEC7 /* Prabupada */ = {
			isa = PBXGroup;
			children = (
				8C73214624C1BA7C00F897EE /* Delegate */,
				8C73214724C1BAA400F897EE /* View */,
				8C73214824C1BCA300F897EE /* Controller */,
				8C9EE2D724BC38CF001FEEC7 /* Assets.xcassets */,
				8CBFECC524C6B7CB0018F8F4 /* Data */,
				8C9EE2DC24BC38CF001FEEC7 /* Info.plist */,
				8C2FF9DB24C6E8BC00080D0A /* Prabupada.xcdatamodeld */,
			);
			path = Prabupada;
			sourceTree = "<group>";
		};
		8CB88BEE24BD7A50006EBD07 /* Pages Controller */ = {
			isa = PBXGroup;
			children = (
				8CB88BEA24BD790A006EBD07 /* PageViewController.swift */,
				8CC0067224C33FA300C9386C /* TOCTableViewController.swift */,
				8CB88BEC24BD79F4006EBD07 /* ContentViewController.swift */,
				8CB88BE824BD780A006EBD07 /* DataViewController.swift */,
			);
			path = "Pages Controller";
			sourceTree = "<group>";
		};
		8CBFECC524C6B7CB0018F8F4 /* Data */ = {
			isa = PBXGroup;
			children = (
				8CBFECC624C6B7CB0018F8F4 /* tlk.json */,
				8CBFECC724C6B7CB0018F8F4 /* mg.json */,
				8CBFECC824C6B7CB0018F8F4 /* tqk.json */,
				8CBFECC924C6B7CB0018F8F4 /* bbd.json */,
				8CBFECCA24C6B7CB0018F8F4 /* poy.json */,
				8CBFECCB24C6B7CB0018F8F4 /* iso.json */,
				8CAFB20E24E188EC00468464 /* cc.json */,
				8CBFECCC24C6B7CB0018F8F4 /* ecs.json */,
				8CBFECCD24C6B7CB0018F8F4 /* tlc.json */,
				8CBFECCE24C6B7CB0018F8F4 /* nod.json */,
				8CBFECCF24C6B7CB0018F8F4 /* kb.json */,
				8CBFECD024C6B7CB0018F8F4 /* ttp.json */,
				8C1F1EE624CFF6130029C8E8 /* ej.json */,
				8CAFB21024E188F400468464 /* sb.json */,
				8CA607D424D59AA30096DD14 /* bg.json */,
				8C55482E24D1B78800030EE9 /* ssr.json */,
				8C1F1EE524CFF6130029C8E8 /* pqpa.json */,
				8CBFECD124C6B7CB0018F8F4 /* owk.json */,
				8C55482C24D1B76100030EE9 /* lcfl.json */,
				8C55482A24D1B73D00030EE9 /* krp.json */,
				8CBFECD224C6B7CB0018F8F4 /* rv.json */,
				8CBFECD324C6B7CB0018F8F4 /* noi.json */,
				8CBFECD424C6B7CB0018F8F4 /* tys.json */,
				8CBFECD524C6B7CB0018F8F4 /* pop.json */,
			);
			path = Data;
			sourceTree = "<group>";
		};
/* End PBXGroup section */

/* Begin PBXNativeTarget section */
		8C9EE2C524BC38CD001FEEC7 /* Prabupada */ = {
			isa = PBXNativeTarget;
			buildConfigurationList = 8C9EE2DF24BC38CF001FEEC7 /* Build configuration list for PBXNativeTarget "Prabupada" */;
			buildPhases = (
				8C9EE2C224BC38CD001FEEC7 /* Sources */,
				8C9EE2C324BC38CD001FEEC7 /* Frameworks */,
				8C9EE2C424BC38CD001FEEC7 /* Resources */,
			);
			buildRules = (
			);
			dependencies = (
			);
			name = Prabupada;
			productName = Prabupada;
			productReference = 8C9EE2C624BC38CD001FEEC7 /* Prabupada.app */;
			productType = "com.apple.product-type.application";
		};
/* End PBXNativeTarget section */

/* Begin PBXProject section */
		8C9EE2BE24BC38CD001FEEC7 /* Project object */ = {
			isa = PBXProject;
			attributes = {
				LastSwiftUpdateCheck = 1140;
				LastUpgradeCheck = 1140;
				ORGANIZATIONNAME = Shannu;
				TargetAttributes = {
					8C9EE2C524BC38CD001FEEC7 = {
						CreatedOnToolsVersion = 11.4.1;
					};
				};
			};
			buildConfigurationList = 8C9EE2C124BC38CD001FEEC7 /* Build configuration list for PBXProject "Prabupada" */;
			compatibilityVersion = "Xcode 9.3";
			developmentRegion = en;
			hasScannedForEncodings = 0;
			knownRegions = (
				en,
				Base,
			);
			mainGroup = 8C9EE2BD24BC38CD001FEEC7;
			productRefGroup = 8C9EE2C724BC38CD001FEEC7 /* Products */;
			projectDirPath = "";
			projectRoot = "";
			targets = (
				8C9EE2C524BC38CD001FEEC7 /* Prabupada */,
			);
		};
/* End PBXProject section */

/* Begin PBXResourcesBuildPhase section */
		8C9EE2C424BC38CD001FEEC7 /* Resources */ = {
			isa = PBXResourcesBuildPhase;
			buildActionMask = 2147483647;
			files = (
				8CBFECDA24C6B7CB0018F8F4 /* poy.json in Resources */,
				8C9EE2DB24BC38CF001FEEC7 /* LaunchScreen.storyboard in Resources */,
				8CBFECE424C6B7CB0018F8F4 /* tys.json in Resources */,
				8CBFECE024C6B7CB0018F8F4 /* ttp.json in Resources */,
				8CBFECDB24C6B7CB0018F8F4 /* iso.json in Resources */,
				8CBFECDC24C6B7CB0018F8F4 /* ecs.json in Resources */,
				8CBFECD924C6B7CB0018F8F4 /* bbd.json in Resources */,
				8C55482D24D1B76100030EE9 /* lcfl.json in Resources */,
				8CBFECDE24C6B7CB0018F8F4 /* nod.json in Resources */,
				8CBFECE524C6B7CB0018F8F4 /* pop.json in Resources */,
				8CBFECE224C6B7CB0018F8F4 /* rv.json in Resources */,
				8CA607D524D59AA30096DD14 /* bg.json in Resources */,
				8CBFECDF24C6B7CB0018F8F4 /* kb.json in Resources */,
				8CBFECE124C6B7CB0018F8F4 /* owk.json in Resources */,
				8C1F1EE824CFF6140029C8E8 /* ej.json in Resources */,
				8C9EE2D824BC38CF001FEEC7 /* Assets.xcassets in Resources */,
				8CBFECD824C6B7CB0018F8F4 /* tqk.json in Resources */,
				8CBFECD724C6B7CB0018F8F4 /* mg.json in Resources */,
				8C1F1EE724CFF6140029C8E8 /* pqpa.json in Resources */,
				8C55482F24D1B78800030EE9 /* ssr.json in Resources */,
				8CBFECDD24C6B7CB0018F8F4 /* tlc.json in Resources */,
				8CBFECE324C6B7CB0018F8F4 /* noi.json in Resources */,
				8C9EE2D324BC38CD001FEEC7 /* Main.storyboard in Resources */,
				8CAFB20F24E188EC00468464 /* cc.json in Resources */,
				8CAFB21124E188F500468464 /* sb.json in Resources */,
				8C55482B24D1B73D00030EE9 /* krp.json in Resources */,
				8CBFECD624C6B7CB0018F8F4 /* tlk.json in Resources */,
			);
			runOnlyForDeploymentPostprocessing = 0;
		};
/* End PBXResourcesBuildPhase section */

/* Begin PBXSourcesBuildPhase section */
		8C9EE2C224BC38CD001FEEC7 /* Sources */ = {
			isa = PBXSourcesBuildPhase;
			buildActionMask = 2147483647;
			files = (
				8CAD376924D715A300A2C92A /* BookmarksViewController.swift in Sources */,
				8CC0067524C346F800C9386C /* TOCTableViewCell.swift in Sources */,
				8CB88BED24BD79F4006EBD07 /* ContentViewController.swift in Sources */,
				8C1B64B024BED6EE0006B2F8 /* SettingsViewCell.swift in Sources */,
				8C9EE2E524BC39E2001FEEC7 /* SearchViewController.swift in Sources */,
				8C2FF9DD24C6E8BC00080D0A /* Prabupada.xcdatamodeld in Sources */,
				8C1B64AE24BED65D0006B2F8 /* SettingsViewController.swift in Sources */,
				8CAFB20D24E177B900468464 /* TagViewCell.swift in Sources */,
				8C9EE2E324BC3997001FEEC7 /* BooksViewController.swift in Sources */,
				8CCA894F24DE7DA600EBB6D3 /* BookmarksViewCell.swift in Sources */,
				8C9EE2CA24BC38CD001FEEC7 /* AppDelegate.swift in Sources */,
				8CAE205024D696690014B526 /* TabViewController.swift in Sources */,
				8C9EE2CC24BC38CD001FEEC7 /* SceneDelegate.swift in Sources */,
				8CB88BE924BD780A006EBD07 /* DataViewController.swift in Sources */,
				8C9BAF4724D7DED6004DBE9C /* SearchViewCell.swift in Sources */,
				8C70258E24D535AD00EC163E /* GotoViewController.swift in Sources */,
				8C9EE2E924BC3E22001FEEC7 /* BookCollectionViewCell.swift in Sources */,
				8CC0067324C33FA300C9386C /* TOCTableViewController.swift in Sources */,
				8CB88BEB24BD790A006EBD07 /* PageViewController.swift in Sources */,
			);
			runOnlyForDeploymentPostprocessing = 0;
		};
/* End PBXSourcesBuildPhase section */

/* Begin PBXVariantGroup section */
		8C9EE2D124BC38CD001FEEC7 /* Main.storyboard */ = {
			isa = PBXVariantGroup;
			children = (
				8C9EE2D224BC38CD001FEEC7 /* Base */,
			);
			name = Main.storyboard;
			sourceTree = "<group>";
		};
		8C9EE2D924BC38CF001FEEC7 /* LaunchScreen.storyboard */ = {
			isa = PBXVariantGroup;
			children = (
				8C9EE2DA24BC38CF001FEEC7 /* Base */,
			);
			name = LaunchScreen.storyboard;
			sourceTree = "<group>";
		};
/* End PBXVariantGroup section */

/* Begin XCBuildConfiguration section */
		8C9EE2DD24BC38CF001FEEC7 /* Debug */ = {
			isa = XCBuildConfiguration;
			buildSettings = {
				ALWAYS_SEARCH_USER_PATHS = NO;
				CLANG_ANALYZER_NONNULL = YES;
				CLANG_ANALYZER_NUMBER_OBJECT_CONVERSION = YES_AGGRESSIVE;
				CLANG_CXX_LANGUAGE_STANDARD = "gnu++14";
				CLANG_CXX_LIBRARY = "libc++";
				CLANG_ENABLE_MODULES = YES;
				CLANG_ENABLE_OBJC_ARC = YES;
				CLANG_ENABLE_OBJC_WEAK = YES;
				CLANG_WARN_BLOCK_CAPTURE_AUTORELEASING = YES;
				CLANG_WARN_BOOL_CONVERSION = YES;
				CLANG_WARN_COMMA = YES;
				CLANG_WARN_CONSTANT_CONVERSION = YES;
				CLANG_WARN_DEPRECATED_OBJC_IMPLEMENTATIONS = YES;
				CLANG_WARN_DIRECT_OBJC_ISA_USAGE = YES_ERROR;
				CLANG_WARN_DOCUMENTATION_COMMENTS = YES;
				CLANG_WARN_EMPTY_BODY = YES;
				CLANG_WARN_ENUM_CONVERSION = YES;
				CLANG_WARN_INFINITE_RECURSION = YES;
				CLANG_WARN_INT_CONVERSION = YES;
				CLANG_WARN_NON_LITERAL_NULL_CONVERSION = YES;
				CLANG_WARN_OBJC_IMPLICIT_RETAIN_SELF = YES;
				CLANG_WARN_OBJC_LITERAL_CONVERSION = YES;
				CLANG_WARN_OBJC_ROOT_CLASS = YES_ERROR;
				CLANG_WARN_RANGE_LOOP_ANALYSIS = YES;
				CLANG_WARN_STRICT_PROTOTYPES = YES;
				CLANG_WARN_SUSPICIOUS_MOVE = YES;
				CLANG_WARN_UNGUARDED_AVAILABILITY = YES_AGGRESSIVE;
				CLANG_WARN_UNREACHABLE_CODE = YES;
				CLANG_WARN__DUPLICATE_METHOD_MATCH = YES;
				COPY_PHASE_STRIP = NO;
				DEBUG_INFORMATION_FORMAT = dwarf;
				ENABLE_STRICT_OBJC_MSGSEND = YES;
				ENABLE_TESTABILITY = YES;
				GCC_C_LANGUAGE_STANDARD = gnu11;
				GCC_DYNAMIC_NO_PIC = NO;
				GCC_NO_COMMON_BLOCKS = YES;
				GCC_OPTIMIZATION_LEVEL = 0;
				GCC_PREPROCESSOR_DEFINITIONS = (
					"DEBUG=1",
					"$(inherited)",
				);
				GCC_WARN_64_TO_32_BIT_CONVERSION = YES;
				GCC_WARN_ABOUT_RETURN_TYPE = YES_ERROR;
				GCC_WARN_UNDECLARED_SELECTOR = YES;
				GCC_WARN_UNINITIALIZED_AUTOS = YES_AGGRESSIVE;
				GCC_WARN_UNUSED_FUNCTION = YES;
				GCC_WARN_UNUSED_VARIABLE = YES;
				IPHONEOS_DEPLOYMENT_TARGET = 13.4;
				MTL_ENABLE_DEBUG_INFO = INCLUDE_SOURCE;
				MTL_FAST_MATH = YES;
				ONLY_ACTIVE_ARCH = YES;
				SDKROOT = iphoneos;
				SWIFT_ACTIVE_COMPILATION_CONDITIONS = DEBUG;
				SWIFT_OPTIMIZATION_LEVEL = "-Onone";
			};
			name = Debug;
		};
		8C9EE2DE24BC38CF001FEEC7 /* Release */ = {
			isa = XCBuildConfiguration;
			buildSettings = {
				ALWAYS_SEARCH_USER_PATHS = NO;
				CLANG_ANALYZER_NONNULL = YES;
				CLANG_ANALYZER_NUMBER_OBJECT_CONVERSION = YES_AGGRESSIVE;
				CLANG_CXX_LANGUAGE_STANDARD = "gnu++14";
				CLANG_CXX_LIBRARY = "libc++";
				CLANG_ENABLE_MODULES = YES;
				CLANG_ENABLE_OBJC_ARC = YES;
				CLANG_ENABLE_OBJC_WEAK = YES;
				CLANG_WARN_BLOCK_CAPTURE_AUTORELEASING = YES;
				CLANG_WARN_BOOL_CONVERSION = YES;
				CLANG_WARN_COMMA = YES;
				CLANG_WARN_CONSTANT_CONVERSION = YES;
				CLANG_WARN_DEPRECATED_OBJC_IMPLEMENTATIONS = YES;
				CLANG_WARN_DIRECT_OBJC_ISA_USAGE = YES_ERROR;
				CLANG_WARN_DOCUMENTATION_COMMENTS = YES;
				CLANG_WARN_EMPTY_BODY = YES;
				CLANG_WARN_ENUM_CONVERSION = YES;
				CLANG_WARN_INFINITE_RECURSION = YES;
				CLANG_WARN_INT_CONVERSION = YES;
				CLANG_WARN_NON_LITERAL_NULL_CONVERSION = YES;
				CLANG_WARN_OBJC_IMPLICIT_RETAIN_SELF = YES;
				CLANG_WARN_OBJC_LITERAL_CONVERSION = YES;
				CLANG_WARN_OBJC_ROOT_CLASS = YES_ERROR;
				CLANG_WARN_RANGE_LOOP_ANALYSIS = YES;
				CLANG_WARN_STRICT_PROTOTYPES = YES;
				CLANG_WARN_SUSPICIOUS_MOVE = YES;
				CLANG_WARN_UNGUARDED_AVAILABILITY = YES_AGGRESSIVE;
				CLANG_WARN_UNREACHABLE_CODE = YES;
				CLANG_WARN__DUPLICATE_METHOD_MATCH = YES;
				COPY_PHASE_STRIP = NO;
				DEBUG_INFORMATION_FORMAT = "dwarf-with-dsym";
				ENABLE_NS_ASSERTIONS = NO;
				ENABLE_STRICT_OBJC_MSGSEND = YES;
				GCC_C_LANGUAGE_STANDARD = gnu11;
				GCC_NO_COMMON_BLOCKS = YES;
				GCC_WARN_64_TO_32_BIT_CONVERSION = YES;
				GCC_WARN_ABOUT_RETURN_TYPE = YES_ERROR;
				GCC_WARN_UNDECLARED_SELECTOR = YES;
				GCC_WARN_UNINITIALIZED_AUTOS = YES_AGGRESSIVE;
				GCC_WARN_UNUSED_FUNCTION = YES;
				GCC_WARN_UNUSED_VARIABLE = YES;
				IPHONEOS_DEPLOYMENT_TARGET = 13.4;
				MTL_ENABLE_DEBUG_INFO = NO;
				MTL_FAST_MATH = YES;
				SDKROOT = iphoneos;
				SWIFT_COMPILATION_MODE = wholemodule;
				SWIFT_OPTIMIZATION_LEVEL = "-O";
				VALIDATE_PRODUCT = YES;
			};
			name = Release;
		};
		8C9EE2E024BC38CF001FEEC7 /* Debug */ = {
			isa = XCBuildConfiguration;
			buildSettings = {
				ASSETCATALOG_COMPILER_APPICON_NAME = AppIcon;
				CODE_SIGN_STYLE = Automatic;
				DEVELOPMENT_TEAM = EX235TXA83;
				INFOPLIST_FILE = Prabupada/Info.plist;
				IPHONEOS_DEPLOYMENT_TARGET = 12.1;
				LD_RUNPATH_SEARCH_PATHS = (
					"$(inherited)",
					"@executable_path/Frameworks",
				);
				PRODUCT_BUNDLE_IDENTIFIER = in.shannuk.Prabupada;
				PRODUCT_NAME = "$(TARGET_NAME)";
				SWIFT_VERSION = 5.0;
				TARGETED_DEVICE_FAMILY = "1,2";
			};
			name = Debug;
		};
		8C9EE2E124BC38CF001FEEC7 /* Release */ = {
			isa = XCBuildConfiguration;
			buildSettings = {
				ASSETCATALOG_COMPILER_APPICON_NAME = AppIcon;
				CODE_SIGN_STYLE = Automatic;
				DEVELOPMENT_TEAM = EX235TXA83;
				INFOPLIST_FILE = Prabupada/Info.plist;
				IPHONEOS_DEPLOYMENT_TARGET = 12.1;
				LD_RUNPATH_SEARCH_PATHS = (
					"$(inherited)",
					"@executable_path/Frameworks",
				);
				PRODUCT_BUNDLE_IDENTIFIER = in.shannuk.Prabupada;
				PRODUCT_NAME = "$(TARGET_NAME)";
				SWIFT_VERSION = 5.0;
				TARGETED_DEVICE_FAMILY = "1,2";
			};
			name = Release;
		};
/* End XCBuildConfiguration section */

/* Begin XCConfigurationList section */
		8C9EE2C124BC38CD001FEEC7 /* Build configuration list for PBXProject "Prabupada" */ = {
			isa = XCConfigurationList;
			buildConfigurations = (
				8C9EE2DD24BC38CF001FEEC7 /* Debug */,
				8C9EE2DE24BC38CF001FEEC7 /* Release */,
			);
			defaultConfigurationIsVisible = 0;
			defaultConfigurationName = Release;
		};
		8C9EE2DF24BC38CF001FEEC7 /* Build configuration list for PBXNativeTarget "Prabupada" */ = {
			isa = XCConfigurationList;
			buildConfigurations = (
				8C9EE2E024BC38CF001FEEC7 /* Debug */,
				8C9EE2E124BC38CF001FEEC7 /* Release */,
			);
			defaultConfigurationIsVisible = 0;
			defaultConfigurationName = Release;
		};
/* End XCConfigurationList section */

/* Begin XCVersionGroup section */
		8C2FF9DB24C6E8BC00080D0A /* Prabupada.xcdatamodeld */ = {
			isa = XCVersionGroup;
			children = (
				8C2FF9DC24C6E8BC00080D0A /* Demo3.xcdatamodel */,
			);
			currentVersion = 8C2FF9DC24C6E8BC00080D0A /* Demo3.xcdatamodel */;
			path = Prabupada.xcdatamodeld;
			sourceTree = "<group>";
			versionGroupType = wrapper.xcdatamodel;
		};
/* End XCVersionGroup section */
	};
	rootObject = 8C9EE2BE24BC38CD001FEEC7 /* Project object */;
}
