// !$*UTF8*$!
{
	archiveVersion = 1;
	classes = {
	};
	objectVersion = 50;
	objects = {

/* Begin PBXBuildFile section */
		8C1B64AE24BED65D0006B2F8 /* SettingsViewController.swift in Sources */ = {isa = PBXBuildFile; fileRef = 8C1B64AD24BED65D0006B2F8 /* SettingsViewController.swift */; };
		8C1B64B024BED6EE0006B2F8 /* SettingsViewCell.swift in Sources */ = {isa = PBXBuildFile; fileRef = 8C1B64AF24BED6EE0006B2F8 /* SettingsViewCell.swift */; };
		8C73214A24C1BCF900F897EE /* Demo3.sqlite in Resources */ = {isa = PBXBuildFile; fileRef = 8C73214924C1BCF900F897EE /* Demo3.sqlite */; };
		8C73214D24C1BD7B00F897EE /* Prabupada.xcdatamodeld in Sources */ = {isa = PBXBuildFile; fileRef = 8C73214B24C1BD7B00F897EE /* Prabupada.xcdatamodeld */; };
		8C9EE2CA24BC38CD001FEEC7 /* AppDelegate.swift in Sources */ = {isa = PBXBuildFile; fileRef = 8C9EE2C924BC38CD001FEEC7 /* AppDelegate.swift */; };
		8C9EE2CC24BC38CD001FEEC7 /* SceneDelegate.swift in Sources */ = {isa = PBXBuildFile; fileRef = 8C9EE2CB24BC38CD001FEEC7 /* SceneDelegate.swift */; };
		8C9EE2D324BC38CD001FEEC7 /* Main.storyboard in Resources */ = {isa = PBXBuildFile; fileRef = 8C9EE2D124BC38CD001FEEC7 /* Main.storyboard */; };
		8C9EE2D824BC38CF001FEEC7 /* Assets.xcassets in Resources */ = {isa = PBXBuildFile; fileRef = 8C9EE2D724BC38CF001FEEC7 /* Assets.xcassets */; };
		8C9EE2DB24BC38CF001FEEC7 /* LaunchScreen.storyboard in Resources */ = {isa = PBXBuildFile; fileRef = 8C9EE2D924BC38CF001FEEC7 /* LaunchScreen.storyboard */; };
		8C9EE2E324BC3997001FEEC7 /* BooksViewController.swift in Sources */ = {isa = PBXBuildFile; fileRef = 8C9EE2E224BC3997001FEEC7 /* BooksViewController.swift */; };
		8C9EE2E524BC39E2001FEEC7 /* SearchViewController.swift in Sources */ = {isa = PBXBuildFile; fileRef = 8C9EE2E424BC39E2001FEEC7 /* SearchViewController.swift */; };
		8C9EE2E724BC3A3F001FEEC7 /* BookmarkViewController.swift in Sources */ = {isa = PBXBuildFile; fileRef = 8C9EE2E624BC3A3F001FEEC7 /* BookmarkViewController.swift */; };
		8C9EE2E924BC3E22001FEEC7 /* BookCollectionViewCell.swift in Sources */ = {isa = PBXBuildFile; fileRef = 8C9EE2E824BC3E22001FEEC7 /* BookCollectionViewCell.swift */; };
		8CB88BE924BD780A006EBD07 /* DataViewController.swift in Sources */ = {isa = PBXBuildFile; fileRef = 8CB88BE824BD780A006EBD07 /* DataViewController.swift */; };
		8CB88BEB24BD790A006EBD07 /* PageViewController.swift in Sources */ = {isa = PBXBuildFile; fileRef = 8CB88BEA24BD790A006EBD07 /* PageViewController.swift */; };
		8CB88BED24BD79F4006EBD07 /* ContentViewController.swift in Sources */ = {isa = PBXBuildFile; fileRef = 8CB88BEC24BD79F4006EBD07 /* ContentViewController.swift */; };
		8CC0067324C33FA300C9386C /* TOCTableViewController.swift in Sources */ = {isa = PBXBuildFile; fileRef = 8CC0067224C33FA300C9386C /* TOCTableViewController.swift */; };
		8CC0067524C346F800C9386C /* TOCTableViewCell.swift in Sources */ = {isa = PBXBuildFile; fileRef = 8CC0067424C346F800C9386C /* TOCTableViewCell.swift */; };
/* End PBXBuildFile section */

/* Begin PBXFileReference section */
		8C1B64AD24BED65D0006B2F8 /* SettingsViewController.swift */ = {isa = PBXFileReference; lastKnownFileType = sourcecode.swift; path = SettingsViewController.swift; sourceTree = "<group>"; };
		8C1B64AF24BED6EE0006B2F8 /* SettingsViewCell.swift */ = {isa = PBXFileReference; lastKnownFileType = sourcecode.swift; path = SettingsViewCell.swift; sourceTree = "<group>"; };
		8C73214924C1BCF900F897EE /* Demo3.sqlite */ = {isa = PBXFileReference; lastKnownFileType = file; path = Demo3.sqlite; sourceTree = "<group>"; };
		8C73214C24C1BD7B00F897EE /* Demo3.xcdatamodel */ = {isa = PBXFileReference; lastKnownFileType = wrapper.xcdatamodel; path = Demo3.xcdatamodel; sourceTree = "<group>"; };
		8C9EE2C624BC38CD001FEEC7 /* Prabupada.app */ = {isa = PBXFileReference; explicitFileType = wrapper.application; includeInIndex = 0; path = Prabupada.app; sourceTree = BUILT_PRODUCTS_DIR; };
		8C9EE2C924BC38CD001FEEC7 /* AppDelegate.swift */ = {isa = PBXFileReference; lastKnownFileType = sourcecode.swift; path = AppDelegate.swift; sourceTree = "<group>"; };
		8C9EE2CB24BC38CD001FEEC7 /* SceneDelegate.swift */ = {isa = PBXFileReference; lastKnownFileType = sourcecode.swift; path = SceneDelegate.swift; sourceTree = "<group>"; };
		8C9EE2D224BC38CD001FEEC7 /* Base */ = {isa = PBXFileReference; lastKnownFileType = file.storyboard; name = Base; path = Base.lproj/Main.storyboard; sourceTree = "<group>"; };
		8C9EE2D724BC38CF001FEEC7 /* Assets.xcassets */ = {isa = PBXFileReference; lastKnownFileType = folder.assetcatalog; path = Assets.xcassets; sourceTree = "<group>"; };
		8C9EE2DA24BC38CF001FEEC7 /* Base */ = {isa = PBXFileReference; lastKnownFileType = file.storyboard; name = Base; path = Base.lproj/LaunchScreen.storyboard; sourceTree = "<group>"; };
		8C9EE2DC24BC38CF001FEEC7 /* Info.plist */ = {isa = PBXFileReference; lastKnownFileType = text.plist.xml; path = Info.plist; sourceTree = "<group>"; };
		8C9EE2E224BC3997001FEEC7 /* BooksViewController.swift */ = {isa = PBXFileReference; lastKnownFileType = sourcecode.swift; path = BooksViewController.swift; sourceTree = "<group>"; };
		8C9EE2E424BC39E2001FEEC7 /* SearchViewController.swift */ = {isa = PBXFileReference; lastKnownFileType = sourcecode.swift; path = SearchViewController.swift; sourceTree = "<group>"; };
		8C9EE2E624BC3A3F001FEEC7 /* BookmarkViewController.swift */ = {isa = PBXFileReference; lastKnownFileType = sourcecode.swift; path = BookmarkViewController.swift; sourceTree = "<group>"; };
		8C9EE2E824BC3E22001FEEC7 /* BookCollectionViewCell.swift */ = {isa = PBXFileReference; lastKnownFileType = sourcecode.swift; path = BookCollectionViewCell.swift; sourceTree = "<group>"; };
		8CB88BE824BD780A006EBD07 /* DataViewController.swift */ = {isa = PBXFileReference; lastKnownFileType = sourcecode.swift; path = DataViewController.swift; sourceTree = "<group>"; };
		8CB88BEA24BD790A006EBD07 /* PageViewController.swift */ = {isa = PBXFileReference; lastKnownFileType = sourcecode.swift; path = PageViewController.swift; sourceTree = "<group>"; };
		8CB88BEC24BD79F4006EBD07 /* ContentViewController.swift */ = {isa = PBXFileReference; lastKnownFileType = sourcecode.swift; path = ContentViewController.swift; sourceTree = "<group>"; };
		8CC0067224C33FA300C9386C /* TOCTableViewController.swift */ = {isa = PBXFileReference; lastKnownFileType = sourcecode.swift; path = TOCTableViewController.swift; sourceTree = "<group>"; };
		8CC0067424C346F800C9386C /* TOCTableViewCell.swift */ = {isa = PBXFileReference; lastKnownFileType = sourcecode.swift; path = TOCTableViewCell.swift; sourceTree = "<group>"; };
/* End PBXFileReference section */

/* Begin PBXFrameworksBuildPhase section */
		8C9EE2C324BC38CD001FEEC7 /* Frameworks */ = {
			isa = PBXFrameworksBuildPhase;
			buildActionMask = 2147483647;
			files = (
			);
			runOnlyForDeploymentPostprocessing = 0;
		};
/* End PBXFrameworksBuildPhase section */

/* Begin PBXGroup section */
		8C73214624C1BA7C00F897EE /* Delegate */ = {
			isa = PBXGroup;
			children = (
				8C9EE2C924BC38CD001FEEC7 /* AppDelegate.swift */,
				8C9EE2CB24BC38CD001FEEC7 /* SceneDelegate.swift */,
			);
			path = Delegate;
			sourceTree = "<group>";
		};
		8C73214724C1BAA400F897EE /* View */ = {
			isa = PBXGroup;
			children = (
				8C1B64AF24BED6EE0006B2F8 /* SettingsViewCell.swift */,
				8C9EE2E824BC3E22001FEEC7 /* BookCollectionViewCell.swift */,
				8C9EE2D124BC38CD001FEEC7 /* Main.storyboard */,
				8CC0067424C346F800C9386C /* TOCTableViewCell.swift */,
				8C9EE2D924BC38CF001FEEC7 /* LaunchScreen.storyboard */,
			);
			path = View;
			sourceTree = "<group>";
		};
		8C73214824C1BCA300F897EE /* Controller */ = {
			isa = PBXGroup;
			children = (
				8C9EE2E424BC39E2001FEEC7 /* SearchViewController.swift */,
				8C1B64AD24BED65D0006B2F8 /* SettingsViewController.swift */,
				8C9EE2E224BC3997001FEEC7 /* BooksViewController.swift */,
				8CB88BEE24BD7A50006EBD07 /* Pages Controller */,
				8C9EE2E624BC3A3F001FEEC7 /* BookmarkViewController.swift */,
			);
			path = Controller;
			sourceTree = "<group>";
		};
		8C9EE2BD24BC38CD001FEEC7 = {
			isa = PBXGroup;
			children = (
				8C9EE2C824BC38CD001FEEC7 /* Prabupada */,
				8C9EE2C724BC38CD001FEEC7 /* Products */,
			);
			sourceTree = "<group>";
		};
		8C9EE2C724BC38CD001FEEC7 /* Products */ = {
			isa = PBXGroup;
			children = (
				8C9EE2C624BC38CD001FEEC7 /* Prabupada.app */,
			);
			name = Products;
			sourceTree = "<group>";
		};
		8C9EE2C824BC38CD001FEEC7 /* Prabupada */ = {
			isa = PBXGroup;
			children = (
				8C73214624C1BA7C00F897EE /* Delegate */,
				8C73214724C1BAA400F897EE /* View */,
				8C73214824C1BCA300F897EE /* Controller */,
				8C9EE2D724BC38CF001FEEC7 /* Assets.xcassets */,
				8C9EE2DC24BC38CF001FEEC7 /* Info.plist */,
				8C73214B24C1BD7B00F897EE /* Prabupada.xcdatamodeld */,
				8C73214924C1BCF900F897EE /* Demo3.sqlite */,
			);
			path = Prabupada;
			sourceTree = "<group>";
		};
		8CB88BEE24BD7A50006EBD07 /* Pages Controller */ = {
			isa = PBXGroup;
			children = (
				8CB88BEA24BD790A006EBD07 /* PageViewController.swift */,
				8CC0067224C33FA300C9386C /* TOCTableViewController.swift */,
				8CB88BEC24BD79F4006EBD07 /* ContentViewController.swift */,
				8CB88BE824BD780A006EBD07 /* DataViewController.swift */,
			);
			path = "Pages Controller";
			sourceTree = "<group>";
		};
/* End PBXGroup section */

/* Begin PBXNativeTarget section */
		8C9EE2C524BC38CD001FEEC7 /* Prabupada */ = {
			isa = PBXNativeTarget;
			buildConfigurationList = 8C9EE2DF24BC38CF001FEEC7 /* Build configuration list for PBXNativeTarget "Prabupada" */;
			buildPhases = (
				8C9EE2C224BC38CD001FEEC7 /* Sources */,
				8C9EE2C324BC38CD001FEEC7 /* Frameworks */,
				8C9EE2C424BC38CD001FEEC7 /* Resources */,
			);
			buildRules = (
			);
			dependencies = (
			);
			name = Prabupada;
			productName = Prabupada;
			productReference = 8C9EE2C624BC38CD001FEEC7 /* Prabupada.app */;
			productType = "com.apple.product-type.application";
		};
/* End PBXNativeTarget section */

/* Begin PBXProject section */
		8C9EE2BE24BC38CD001FEEC7 /* Project object */ = {
			isa = PBXProject;
			attributes = {
				LastSwiftUpdateCheck = 1140;
				LastUpgradeCheck = 1140;
				ORGANIZATIONNAME = Shannu;
				TargetAttributes = {
					8C9EE2C524BC38CD001FEEC7 = {
						CreatedOnToolsVersion = 11.4.1;
					};
				};
			};
			buildConfigurationList = 8C9EE2C124BC38CD001FEEC7 /* Build configuration list for PBXProject "Prabupada" */;
			compatibilityVersion = "Xcode 9.3";
			developmentRegion = en;
			hasScannedForEncodings = 0;
			knownRegions = (
				en,
				Base,
			);
			mainGroup = 8C9EE2BD24BC38CD001FEEC7;
			productRefGroup = 8C9EE2C724BC38CD001FEEC7 /* Products */;
			projectDirPath = "";
			projectRoot = "";
			targets = (
				8C9EE2C524BC38CD001FEEC7 /* Prabupada */,
			);
		};
/* End PBXProject section */

/* Begin PBXResourcesBuildPhase section */
		8C9EE2C424BC38CD001FEEC7 /* Resources */ = {
			isa = PBXResourcesBuildPhase;
			buildActionMask = 2147483647;
			files = (
				8C73214A24C1BCF900F897EE /* Demo3.sqlite in Resources */,
				8C9EE2DB24BC38CF001FEEC7 /* LaunchScreen.storyboard in Resources */,
				8C9EE2D824BC38CF001FEEC7 /* Assets.xcassets in Resources */,
				8C9EE2D324BC38CD001FEEC7 /* Main.storyboard in Resources */,
			);
			runOnlyForDeploymentPostprocessing = 0;
		};
/* End PBXResourcesBuildPhase section */

/* Begin PBXSourcesBuildPhase section */
		8C9EE2C224BC38CD001FEEC7 /* Sources */ = {
			isa = PBXSourcesBuildPhase;
			buildActionMask = 2147483647;
			files = (
				8CC0067524C346F800C9386C /* TOCTableViewCell.swift in Sources */,
				8CB88BED24BD79F4006EBD07 /* ContentViewController.swift in Sources */,
				8C1B64B024BED6EE0006B2F8 /* SettingsViewCell.swift in Sources */,
				8C9EE2E524BC39E2001FEEC7 /* SearchViewController.swift in Sources */,
				8C1B64AE24BED65D0006B2F8 /* SettingsViewController.swift in Sources */,
				8C9EE2E324BC3997001FEEC7 /* BooksViewController.swift in Sources */,
				8C9EE2CA24BC38CD001FEEC7 /* AppDelegate.swift in Sources */,
				8C9EE2CC24BC38CD001FEEC7 /* SceneDelegate.swift in Sources */,
				8CB88BE924BD780A006EBD07 /* DataViewController.swift in Sources */,
				8C9EE2E924BC3E22001FEEC7 /* BookCollectionViewCell.swift in Sources */,
				8CC0067324C33FA300C9386C /* TOCTableViewController.swift in Sources */,
				8CB88BEB24BD790A006EBD07 /* PageViewController.swift in Sources */,
				8C73214D24C1BD7B00F897EE /* Prabupada.xcdatamodeld in Sources */,
				8C9EE2E724BC3A3F001FEEC7 /* BookmarkViewController.swift in Sources */,
			);
			runOnlyForDeploymentPostprocessing = 0;
		};
/* End PBXSourcesBuildPhase section */

/* Begin PBXVariantGroup section */
		8C9EE2D124BC38CD001FEEC7 /* Main.storyboard */ = {
			isa = PBXVariantGroup;
			children = (
				8C9EE2D224BC38CD001FEEC7 /* Base */,
			);
			name = Main.storyboard;
			sourceTree = "<group>";
		};
		8C9EE2D924BC38CF001FEEC7 /* LaunchScreen.storyboard */ = {
			isa = PBXVariantGroup;
			children = (
				8C9EE2DA24BC38CF001FEEC7 /* Base */,
			);
			name = LaunchScreen.storyboard;
			sourceTree = "<group>";
		};
/* End PBXVariantGroup section */

/* Begin XCBuildConfiguration section */
		8C9EE2DD24BC38CF001FEEC7 /* Debug */ = {
			isa = XCBuildConfiguration;
			buildSettings = {
				ALWAYS_SEARCH_USER_PATHS = NO;
				CLANG_ANALYZER_NONNULL = YES;
				CLANG_ANALYZER_NUMBER_OBJECT_CONVERSION = YES_AGGRESSIVE;
				CLANG_CXX_LANGUAGE_STANDARD = "gnu++14";
				CLANG_CXX_LIBRARY = "libc++";
				CLANG_ENABLE_MODULES = YES;
				CLANG_ENABLE_OBJC_ARC = YES;
				CLANG_ENABLE_OBJC_WEAK = YES;
				CLANG_WARN_BLOCK_CAPTURE_AUTORELEASING = YES;
				CLANG_WARN_BOOL_CONVERSION = YES;
				CLANG_WARN_COMMA = YES;
				CLANG_WARN_CONSTANT_CONVERSION = YES;
				CLANG_WARN_DEPRECATED_OBJC_IMPLEMENTATIONS = YES;
				CLANG_WARN_DIRECT_OBJC_ISA_USAGE = YES_ERROR;
				CLANG_WARN_DOCUMENTATION_COMMENTS = YES;
				CLANG_WARN_EMPTY_BODY = YES;
				CLANG_WARN_ENUM_CONVERSION = YES;
				CLANG_WARN_INFINITE_RECURSION = YES;
				CLANG_WARN_INT_CONVERSION = YES;
				CLANG_WARN_NON_LITERAL_NULL_CONVERSION = YES;
				CLANG_WARN_OBJC_IMPLICIT_RETAIN_SELF = YES;
				CLANG_WARN_OBJC_LITERAL_CONVERSION = YES;
				CLANG_WARN_OBJC_ROOT_CLASS = YES_ERROR;
				CLANG_WARN_RANGE_LOOP_ANALYSIS = YES;
				CLANG_WARN_STRICT_PROTOTYPES = YES;
				CLANG_WARN_SUSPICIOUS_MOVE = YES;
				CLANG_WARN_UNGUARDED_AVAILABILITY = YES_AGGRESSIVE;
				CLANG_WARN_UNREACHABLE_CODE = YES;
				CLANG_WARN__DUPLICATE_METHOD_MATCH = YES;
				COPY_PHASE_STRIP = NO;
				DEBUG_INFORMATION_FORMAT = dwarf;
				ENABLE_STRICT_OBJC_MSGSEND = YES;
				ENABLE_TESTABILITY = YES;
				GCC_C_LANGUAGE_STANDARD = gnu11;
				GCC_DYNAMIC_NO_PIC = NO;
				GCC_NO_COMMON_BLOCKS = YES;
				GCC_OPTIMIZATION_LEVEL = 0;
				GCC_PREPROCESSOR_DEFINITIONS = (
					"DEBUG=1",
					"$(inherited)",
				);
				GCC_WARN_64_TO_32_BIT_CONVERSION = YES;
				GCC_WARN_ABOUT_RETURN_TYPE = YES_ERROR;
				GCC_WARN_UNDECLARED_SELECTOR = YES;
				GCC_WARN_UNINITIALIZED_AUTOS = YES_AGGRESSIVE;
				GCC_WARN_UNUSED_FUNCTION = YES;
				GCC_WARN_UNUSED_VARIABLE = YES;
				IPHONEOS_DEPLOYMENT_TARGET = 13.4;
				MTL_ENABLE_DEBUG_INFO = INCLUDE_SOURCE;
				MTL_FAST_MATH = YES;
				ONLY_ACTIVE_ARCH = YES;
				SDKROOT = iphoneos;
				SWIFT_ACTIVE_COMPILATION_CONDITIONS = DEBUG;
				SWIFT_OPTIMIZATION_LEVEL = "-Onone";
			};
			name = Debug;
		};
		8C9EE2DE24BC38CF001FEEC7 /* Release */ = {
			isa = XCBuildConfiguration;
			buildSettings = {
				ALWAYS_SEARCH_USER_PATHS = NO;
				CLANG_ANALYZER_NONNULL = YES;
				CLANG_ANALYZER_NUMBER_OBJECT_CONVERSION = YES_AGGRESSIVE;
				CLANG_CXX_LANGUAGE_STANDARD = "gnu++14";
				CLANG_CXX_LIBRARY = "libc++";
				CLANG_ENABLE_MODULES = YES;
				CLANG_ENABLE_OBJC_ARC = YES;
				CLANG_ENABLE_OBJC_WEAK = YES;
				CLANG_WARN_BLOCK_CAPTURE_AUTORELEASING = YES;
				CLANG_WARN_BOOL_CONVERSION = YES;
				CLANG_WARN_COMMA = YES;
				CLANG_WARN_CONSTANT_CONVERSION = YES;
				CLANG_WARN_DEPRECATED_OBJC_IMPLEMENTATIONS = YES;
				CLANG_WARN_DIRECT_OBJC_ISA_USAGE = YES_ERROR;
				CLANG_WARN_DOCUMENTATION_COMMENTS = YES;
				CLANG_WARN_EMPTY_BODY = YES;
				CLANG_WARN_ENUM_CONVERSION = YES;
				CLANG_WARN_INFINITE_RECURSION = YES;
				CLANG_WARN_INT_CONVERSION = YES;
				CLANG_WARN_NON_LITERAL_NULL_CONVERSION = YES;
				CLANG_WARN_OBJC_IMPLICIT_RETAIN_SELF = YES;
				CLANG_WARN_OBJC_LITERAL_CONVERSION = YES;
				CLANG_WARN_OBJC_ROOT_CLASS = YES_ERROR;
				CLANG_WARN_RANGE_LOOP_ANALYSIS = YES;
				CLANG_WARN_STRICT_PROTOTYPES = YES;
				CLANG_WARN_SUSPICIOUS_MOVE = YES;
				CLANG_WARN_UNGUARDED_AVAILABILITY = YES_AGGRESSIVE;
				CLANG_WARN_UNREACHABLE_CODE = YES;
				CLANG_WARN__DUPLICATE_METHOD_MATCH = YES;
				COPY_PHASE_STRIP = NO;
				DEBUG_INFORMATION_FORMAT = "dwarf-with-dsym";
				ENABLE_NS_ASSERTIONS = NO;
				ENABLE_STRICT_OBJC_MSGSEND = YES;
				GCC_C_LANGUAGE_STANDARD = gnu11;
				GCC_NO_COMMON_BLOCKS = YES;
				GCC_WARN_64_TO_32_BIT_CONVERSION = YES;
				GCC_WARN_ABOUT_RETURN_TYPE = YES_ERROR;
				GCC_WARN_UNDECLARED_SELECTOR = YES;
				GCC_WARN_UNINITIALIZED_AUTOS = YES_AGGRESSIVE;
				GCC_WARN_UNUSED_FUNCTION = YES;
				GCC_WARN_UNUSED_VARIABLE = YES;
				IPHONEOS_DEPLOYMENT_TARGET = 13.4;
				MTL_ENABLE_DEBUG_INFO = NO;
				MTL_FAST_MATH = YES;
				SDKROOT = iphoneos;
				SWIFT_COMPILATION_MODE = wholemodule;
				SWIFT_OPTIMIZATION_LEVEL = "-O";
				VALIDATE_PRODUCT = YES;
			};
			name = Release;
		};
		8C9EE2E024BC38CF001FEEC7 /* Debug */ = {
			isa = XCBuildConfiguration;
			buildSettings = {
				ASSETCATALOG_COMPILER_APPICON_NAME = AppIcon;
				CODE_SIGN_STYLE = Automatic;
				DEVELOPMENT_TEAM = EX235TXA83;
				INFOPLIST_FILE = Prabupada/Info.plist;
				IPHONEOS_DEPLOYMENT_TARGET = 12.1;
				LD_RUNPATH_SEARCH_PATHS = (
					"$(inherited)",
					"@executable_path/Frameworks",
				);
				PRODUCT_BUNDLE_IDENTIFIER = in.shannuk.Prabupada;
				PRODUCT_NAME = "$(TARGET_NAME)";
				SWIFT_VERSION = 5.0;
				TARGETED_DEVICE_FAMILY = 1;
			};
			name = Debug;
		};
		8C9EE2E124BC38CF001FEEC7 /* Release */ = {
			isa = XCBuildConfiguration;
			buildSettings = {
				ASSETCATALOG_COMPILER_APPICON_NAME = AppIcon;
				CODE_SIGN_STYLE = Automatic;
				DEVELOPMENT_TEAM = EX235TXA83;
				INFOPLIST_FILE = Prabupada/Info.plist;
				IPHONEOS_DEPLOYMENT_TARGET = 12.1;
				LD_RUNPATH_SEARCH_PATHS = (
					"$(inherited)",
					"@executable_path/Frameworks",
				);
				PRODUCT_BUNDLE_IDENTIFIER = in.shannuk.Prabupada;
				PRODUCT_NAME = "$(TARGET_NAME)";
				SWIFT_VERSION = 5.0;
				TARGETED_DEVICE_FAMILY = 1;
			};
			name = Release;
		};
/* End XCBuildConfiguration section */

/* Begin XCConfigurationList section */
		8C9EE2C124BC38CD001FEEC7 /* Build configuration list for PBXProject "Prabupada" */ = {
			isa = XCConfigurationList;
			buildConfigurations = (
				8C9EE2DD24BC38CF001FEEC7 /* Debug */,
				8C9EE2DE24BC38CF001FEEC7 /* Release */,
			);
			defaultConfigurationIsVisible = 0;
			defaultConfigurationName = Release;
		};
		8C9EE2DF24BC38CF001FEEC7 /* Build configuration list for PBXNativeTarget "Prabupada" */ = {
			isa = XCConfigurationList;
			buildConfigurations = (
				8C9EE2E024BC38CF001FEEC7 /* Debug */,
				8C9EE2E124BC38CF001FEEC7 /* Release */,
			);
			defaultConfigurationIsVisible = 0;
			defaultConfigurationName = Release;
		};
/* End XCConfigurationList section */

/* Begin XCVersionGroup section */
		8C73214B24C1BD7B00F897EE /* Prabupada.xcdatamodeld */ = {
			isa = XCVersionGroup;
			children = (
				8C73214C24C1BD7B00F897EE /* Demo3.xcdatamodel */,
			);
			currentVersion = 8C73214C24C1BD7B00F897EE /* Demo3.xcdatamodel */;
			path = Prabupada.xcdatamodeld;
			sourceTree = "<group>";
			versionGroupType = wrapper.xcdatamodel;
		};
/* End XCVersionGroup section */
	};
	rootObject = 8C9EE2BE24BC38CD001FEEC7 /* Project object */;
}
